
Microsoft Visual Studio Solution File, Format Version 12.00
# Visual Studio Version 17
VisualStudioVersion = 17.4.33213.308
MinimumVisualStudioVersion = 10.0.40219.1
Project("{8BC9CEB8-8B4A-11D0-8D11-00A0C91BC942}") = "Algorytm Bellmana-Forda", "Algorytm Bellmana-Forda\Algorytm Bellmana-Forda.vcxproj", "{38682539-CD8B-4A72-B7CF-9D7D8D52E2FC}"
EndProject
Global
	GlobalSection(SolutionConfigurationPlatforms) = preSolution
		Debug|x64 = Debug|x64
		Debug|x86 = Debug|x86
		Release|x64 = Release|x64
		Release|x86 = Release|x86
	EndGlobalSection
	GlobalSection(ProjectConfigurationPlatforms) = postSolution
		{38682539-CD8B-4A72-B7CF-9D7D8D52E2FC}.Debug|x64.ActiveCfg = Debug|x64
		{38682539-CD8B-4A72-B7CF-9D7D8D52E2FC}.Debug|x64.Build.0 = Debug|x64
		{38682539-CD8B-4A72-B7CF-9D7D8D52E2FC}.Debug|x86.ActiveCfg = Debug|Win32
		{38682539-CD8B-4A72-B7CF-9D7D8D52E2FC}.Debug|x86.Build.0 = Debug|Win32
		{38682539-CD8B-4A72-B7CF-9D7D8D52E2FC}.Release|x64.ActiveCfg = Release|x64
		{38682539-CD8B-4A72-B7CF-9D7D8D52E2FC}.Release|x64.Build.0 = Release|x64
		{38682539-CD8B-4A72-B7CF-9D7D8D52E2FC}.Release|x86.ActiveCfg = Release|Win32
		{38682539-CD8B-4A72-B7CF-9D7D8D52E2FC}.Release|x86.Build.0 = Release|Win32
	EndGlobalSection
	GlobalSection(SolutionProperties) = preSolution
		HideSolutionNode = FALSE
	EndGlobalSection
	GlobalSection(ExtensibilityGlobals) = postSolution
		SolutionGuid = {CAF14C44-0665-421F-96DB-35BD506B7310}
	EndGlobalSection
EndGlobal
